// !$*UTF8*$!
{
	archiveVersion = 1;
	classes = {
	};
	objectVersion = 46;
	objects = {

/* Begin PBXBuildFile section */
		8212362D18D2A3400038543C /* MenuHeader.xib in Resources */ = {isa = PBXBuildFile; fileRef = 8212362C18D2A3400038543C /* MenuHeader.xib */; };
		8212363018D2A3600038543C /* MenuHeader.m in Sources */ = {isa = PBXBuildFile; fileRef = 8212362F18D2A3600038543C /* MenuHeader.m */; };
		824D061918B7ED0800E6179C /* Foundation.framework in Frameworks */ = {isa = PBXBuildFile; fileRef = 824D061818B7ED0800E6179C /* Foundation.framework */; };
		824D061B18B7ED0800E6179C /* CoreGraphics.framework in Frameworks */ = {isa = PBXBuildFile; fileRef = 824D061A18B7ED0800E6179C /* CoreGraphics.framework */; };
		824D061D18B7ED0800E6179C /* UIKit.framework in Frameworks */ = {isa = PBXBuildFile; fileRef = 824D061C18B7ED0800E6179C /* UIKit.framework */; };
		824D062318B7ED0800E6179C /* InfoPlist.strings in Resources */ = {isa = PBXBuildFile; fileRef = 824D062118B7ED0800E6179C /* InfoPlist.strings */; };
		824D062518B7ED0800E6179C /* main.m in Sources */ = {isa = PBXBuildFile; fileRef = 824D062418B7ED0800E6179C /* main.m */; };
		824D062918B7ED0800E6179C /* AppDelegate.m in Sources */ = {isa = PBXBuildFile; fileRef = 824D062818B7ED0800E6179C /* AppDelegate.m */; };
		824D062C18B7ED0800E6179C /* Main.storyboard in Resources */ = {isa = PBXBuildFile; fileRef = 824D062A18B7ED0800E6179C /* Main.storyboard */; };
		824D062F18B7ED0800E6179C /* MenuViewController.m in Sources */ = {isa = PBXBuildFile; fileRef = 824D062E18B7ED0800E6179C /* MenuViewController.m */; };
		824D063118B7ED0800E6179C /* Images.xcassets in Resources */ = {isa = PBXBuildFile; fileRef = 824D063018B7ED0800E6179C /* Images.xcassets */; };
		824D063818B7ED0800E6179C /* XCTest.framework in Frameworks */ = {isa = PBXBuildFile; fileRef = 824D063718B7ED0800E6179C /* XCTest.framework */; };
		824D063918B7ED0800E6179C /* Foundation.framework in Frameworks */ = {isa = PBXBuildFile; fileRef = 824D061818B7ED0800E6179C /* Foundation.framework */; };
		824D063A18B7ED0800E6179C /* UIKit.framework in Frameworks */ = {isa = PBXBuildFile; fileRef = 824D061C18B7ED0800E6179C /* UIKit.framework */; };
		824D064218B7ED0900E6179C /* InfoPlist.strings in Resources */ = {isa = PBXBuildFile; fileRef = 824D064018B7ED0900E6179C /* InfoPlist.strings */; };
		824D064418B7ED0900E6179C /* iOrderTests.m in Sources */ = {isa = PBXBuildFile; fileRef = 824D064318B7ED0900E6179C /* iOrderTests.m */; };
		824D064F18B7F0FA00E6179C /* MenuCell.m in Sources */ = {isa = PBXBuildFile; fileRef = 824D064E18B7F0FA00E6179C /* MenuCell.m */; };
		824D065318B7F4F000E6179C /* Model.xcdatamodeld in Sources */ = {isa = PBXBuildFile; fileRef = 824D065118B7F4F000E6179C /* Model.xcdatamodeld */; };
		824D065918B7F7F000E6179C /* CoreData.framework in Frameworks */ = {isa = PBXBuildFile; fileRef = 824D065818B7F7F000E6179C /* CoreData.framework */; };
		824D065C18B7FAC900E6179C /* APTModelFactory.m in Sources */ = {isa = PBXBuildFile; fileRef = 824D065B18B7FAC900E6179C /* APTModelFactory.m */; };
		828CE50518B9A76F0038FF03 /* Producto.m in Sources */ = {isa = PBXBuildFile; fileRef = 828CE50418B9A76F0038FF03 /* Producto.m */; };
		828CE50B18B9A7AF0038FF03 /* FacturaHasProducto.m in Sources */ = {isa = PBXBuildFile; fileRef = 828CE50A18B9A7AF0038FF03 /* FacturaHasProducto.m */; };
		828CE51118B9A8F80038FF03 /* Factura.m in Sources */ = {isa = PBXBuildFile; fileRef = 828CE51018B9A8F80038FF03 /* Factura.m */; };
		82941E6718CD04AF0046B973 /* Placeholder.png in Resources */ = {isa = PBXBuildFile; fileRef = 82941E6518CD04AF0046B973 /* Placeholder.png */; };
		82941E6818CD04AF0046B973 /* Placeholder@2x.png in Resources */ = {isa = PBXBuildFile; fileRef = 82941E6618CD04AF0046B973 /* Placeholder@2x.png */; };
		82C7408818BBFB9A00D9F45A /* hamburguesa1.png in Resources */ = {isa = PBXBuildFile; fileRef = 82C7408218BBFB9A00D9F45A /* hamburguesa1.png */; };
		82C7408918BBFB9A00D9F45A /* hamburguesa2.png in Resources */ = {isa = PBXBuildFile; fileRef = 82C7408318BBFB9A00D9F45A /* hamburguesa2.png */; };
		82C7408A18BBFB9A00D9F45A /* hamburguesa3.png in Resources */ = {isa = PBXBuildFile; fileRef = 82C7408418BBFB9A00D9F45A /* hamburguesa3.png */; };
		82C7408B18BBFB9A00D9F45A /* hamburguesa4.png in Resources */ = {isa = PBXBuildFile; fileRef = 82C7408518BBFB9A00D9F45A /* hamburguesa4.png */; };
		82C7408C18BBFB9A00D9F45A /* hamburguesa5.png in Resources */ = {isa = PBXBuildFile; fileRef = 82C7408618BBFB9A00D9F45A /* hamburguesa5.png */; };
		82C7408D18BBFB9A00D9F45A /* hamburguesa6.png in Resources */ = {isa = PBXBuildFile; fileRef = 82C7408718BBFB9A00D9F45A /* hamburguesa6.png */; };
		82D832B418B819F20053CAF1 /* Categoria.m in Sources */ = {isa = PBXBuildFile; fileRef = 82D832B318B819F20053CAF1 /* Categoria.m */; };
		82D832BE18B8496C0053CAF1 /* PedidoViewController.m in Sources */ = {isa = PBXBuildFile; fileRef = 82D832BD18B8496C0053CAF1 /* PedidoViewController.m */; };
		82D832C118B8512A0053CAF1 /* PedidoCell.m in Sources */ = {isa = PBXBuildFile; fileRef = 82D832C018B8512A0053CAF1 /* PedidoCell.m */; };
/* End PBXBuildFile section */

/* Begin PBXContainerItemProxy section */
		824D063B18B7ED0900E6179C /* PBXContainerItemProxy */ = {
			isa = PBXContainerItemProxy;
			containerPortal = 824D060D18B7ED0800E6179C /* Project object */;
			proxyType = 1;
			remoteGlobalIDString = 824D061418B7ED0800E6179C;
			remoteInfo = iOrder;
		};
/* End PBXContainerItemProxy section */

/* Begin PBXFileReference section */
		8212362C18D2A3400038543C /* MenuHeader.xib */ = {isa = PBXFileReference; fileEncoding = 4; lastKnownFileType = file.xib; path = MenuHeader.xib; sourceTree = "<group>"; };
		8212362E18D2A3600038543C /* MenuHeader.h */ = {isa = PBXFileReference; fileEncoding = 4; lastKnownFileType = sourcecode.c.h; path = MenuHeader.h; sourceTree = "<group>"; };
		8212362F18D2A3600038543C /* MenuHeader.m */ = {isa = PBXFileReference; fileEncoding = 4; lastKnownFileType = sourcecode.c.objc; path = MenuHeader.m; sourceTree = "<group>"; };
		824D061518B7ED0800E6179C /* iOrder.app */ = {isa = PBXFileReference; explicitFileType = wrapper.application; includeInIndex = 0; path = iOrder.app; sourceTree = BUILT_PRODUCTS_DIR; };
		824D061818B7ED0800E6179C /* Foundation.framework */ = {isa = PBXFileReference; lastKnownFileType = wrapper.framework; name = Foundation.framework; path = System/Library/Frameworks/Foundation.framework; sourceTree = SDKROOT; };
		824D061A18B7ED0800E6179C /* CoreGraphics.framework */ = {isa = PBXFileReference; lastKnownFileType = wrapper.framework; name = CoreGraphics.framework; path = System/Library/Frameworks/CoreGraphics.framework; sourceTree = SDKROOT; };
		824D061C18B7ED0800E6179C /* UIKit.framework */ = {isa = PBXFileReference; lastKnownFileType = wrapper.framework; name = UIKit.framework; path = System/Library/Frameworks/UIKit.framework; sourceTree = SDKROOT; };
		824D062018B7ED0800E6179C /* iOrder-Info.plist */ = {isa = PBXFileReference; lastKnownFileType = text.plist.xml; path = "iOrder-Info.plist"; sourceTree = "<group>"; };
		824D062218B7ED0800E6179C /* en */ = {isa = PBXFileReference; lastKnownFileType = text.plist.strings; name = en; path = en.lproj/InfoPlist.strings; sourceTree = "<group>"; };
		824D062418B7ED0800E6179C /* main.m */ = {isa = PBXFileReference; lastKnownFileType = sourcecode.c.objc; path = main.m; sourceTree = "<group>"; };
		824D062618B7ED0800E6179C /* iOrder-Prefix.pch */ = {isa = PBXFileReference; lastKnownFileType = sourcecode.c.h; path = "iOrder-Prefix.pch"; sourceTree = "<group>"; };
		824D062718B7ED0800E6179C /* AppDelegate.h */ = {isa = PBXFileReference; lastKnownFileType = sourcecode.c.h; path = AppDelegate.h; sourceTree = "<group>"; };
		824D062818B7ED0800E6179C /* AppDelegate.m */ = {isa = PBXFileReference; lastKnownFileType = sourcecode.c.objc; path = AppDelegate.m; sourceTree = "<group>"; };
		824D062B18B7ED0800E6179C /* Base */ = {isa = PBXFileReference; lastKnownFileType = file.storyboard; name = Base; path = Base.lproj/Main.storyboard; sourceTree = "<group>"; };
		824D062D18B7ED0800E6179C /* MenuViewController.h */ = {isa = PBXFileReference; lastKnownFileType = sourcecode.c.h; path = MenuViewController.h; sourceTree = "<group>"; };
		824D062E18B7ED0800E6179C /* MenuViewController.m */ = {isa = PBXFileReference; lastKnownFileType = sourcecode.c.objc; path = MenuViewController.m; sourceTree = "<group>"; };
		824D063018B7ED0800E6179C /* Images.xcassets */ = {isa = PBXFileReference; lastKnownFileType = folder.assetcatalog; path = Images.xcassets; sourceTree = "<group>"; };
		824D063618B7ED0800E6179C /* iOrderTests.xctest */ = {isa = PBXFileReference; explicitFileType = wrapper.cfbundle; includeInIndex = 0; path = iOrderTests.xctest; sourceTree = BUILT_PRODUCTS_DIR; };
		824D063718B7ED0800E6179C /* XCTest.framework */ = {isa = PBXFileReference; lastKnownFileType = wrapper.framework; name = XCTest.framework; path = Library/Frameworks/XCTest.framework; sourceTree = DEVELOPER_DIR; };
		824D063F18B7ED0900E6179C /* iOrderTests-Info.plist */ = {isa = PBXFileReference; lastKnownFileType = text.plist.xml; path = "iOrderTests-Info.plist"; sourceTree = "<group>"; };
		824D064118B7ED0900E6179C /* en */ = {isa = PBXFileReference; lastKnownFileType = text.plist.strings; name = en; path = en.lproj/InfoPlist.strings; sourceTree = "<group>"; };
		824D064318B7ED0900E6179C /* iOrderTests.m */ = {isa = PBXFileReference; lastKnownFileType = sourcecode.c.objc; path = iOrderTests.m; sourceTree = "<group>"; };
		824D064D18B7F0FA00E6179C /* MenuCell.h */ = {isa = PBXFileReference; fileEncoding = 4; lastKnownFileType = sourcecode.c.h; path = MenuCell.h; sourceTree = "<group>"; };
		824D064E18B7F0FA00E6179C /* MenuCell.m */ = {isa = PBXFileReference; fileEncoding = 4; lastKnownFileType = sourcecode.c.objc; path = MenuCell.m; sourceTree = "<group>"; };
		824D065218B7F4F000E6179C /* Model.xcdatamodel */ = {isa = PBXFileReference; lastKnownFileType = wrapper.xcdatamodel; path = Model.xcdatamodel; sourceTree = "<group>"; };
		824D065818B7F7F000E6179C /* CoreData.framework */ = {isa = PBXFileReference; lastKnownFileType = wrapper.framework; name = CoreData.framework; path = System/Library/Frameworks/CoreData.framework; sourceTree = SDKROOT; };
		824D065A18B7FAC900E6179C /* APTModelFactory.h */ = {isa = PBXFileReference; fileEncoding = 4; lastKnownFileType = sourcecode.c.h; path = APTModelFactory.h; sourceTree = "<group>"; };
		824D065B18B7FAC900E6179C /* APTModelFactory.m */ = {isa = PBXFileReference; fileEncoding = 4; lastKnownFileType = sourcecode.c.objc; path = APTModelFactory.m; sourceTree = "<group>"; };
		828CE50318B9A76F0038FF03 /* Producto.h */ = {isa = PBXFileReference; fileEncoding = 4; lastKnownFileType = sourcecode.c.h; path = Producto.h; sourceTree = "<group>"; };
		828CE50418B9A76F0038FF03 /* Producto.m */ = {isa = PBXFileReference; fileEncoding = 4; lastKnownFileType = sourcecode.c.objc; path = Producto.m; sourceTree = "<group>"; };
		828CE50918B9A7AF0038FF03 /* FacturaHasProducto.h */ = {isa = PBXFileReference; fileEncoding = 4; lastKnownFileType = sourcecode.c.h; path = FacturaHasProducto.h; sourceTree = "<group>"; };
		828CE50A18B9A7AF0038FF03 /* FacturaHasProducto.m */ = {isa = PBXFileReference; fileEncoding = 4; lastKnownFileType = sourcecode.c.objc; path = FacturaHasProducto.m; sourceTree = "<group>"; };
		828CE50F18B9A8F80038FF03 /* Factura.h */ = {isa = PBXFileReference; fileEncoding = 4; lastKnownFileType = sourcecode.c.h; path = Factura.h; sourceTree = "<group>"; };
		828CE51018B9A8F80038FF03 /* Factura.m */ = {isa = PBXFileReference; fileEncoding = 4; lastKnownFileType = sourcecode.c.objc; path = Factura.m; sourceTree = "<group>"; };
		82941E6518CD04AF0046B973 /* Placeholder.png */ = {isa = PBXFileReference; lastKnownFileType = image.png; path = Placeholder.png; sourceTree = "<group>"; };
		82941E6618CD04AF0046B973 /* Placeholder@2x.png */ = {isa = PBXFileReference; lastKnownFileType = image.png; path = "Placeholder@2x.png"; sourceTree = "<group>"; };
		82C7408218BBFB9A00D9F45A /* hamburguesa1.png */ = {isa = PBXFileReference; lastKnownFileType = image.png; path = hamburguesa1.png; sourceTree = "<group>"; };
		82C7408318BBFB9A00D9F45A /* hamburguesa2.png */ = {isa = PBXFileReference; lastKnownFileType = image.png; path = hamburguesa2.png; sourceTree = "<group>"; };
		82C7408418BBFB9A00D9F45A /* hamburguesa3.png */ = {isa = PBXFileReference; lastKnownFileType = image.png; path = hamburguesa3.png; sourceTree = "<group>"; };
		82C7408518BBFB9A00D9F45A /* hamburguesa4.png */ = {isa = PBXFileReference; lastKnownFileType = image.png; path = hamburguesa4.png; sourceTree = "<group>"; };
		82C7408618BBFB9A00D9F45A /* hamburguesa5.png */ = {isa = PBXFileReference; lastKnownFileType = image.png; path = hamburguesa5.png; sourceTree = "<group>"; };
		82C7408718BBFB9A00D9F45A /* hamburguesa6.png */ = {isa = PBXFileReference; lastKnownFileType = image.png; path = hamburguesa6.png; sourceTree = "<group>"; };
		82D832B218B819F20053CAF1 /* Categoria.h */ = {isa = PBXFileReference; fileEncoding = 4; lastKnownFileType = sourcecode.c.h; path = Categoria.h; sourceTree = "<group>"; };
		82D832B318B819F20053CAF1 /* Categoria.m */ = {isa = PBXFileReference; fileEncoding = 4; lastKnownFileType = sourcecode.c.objc; path = Categoria.m; sourceTree = "<group>"; };
		82D832B518B823630053CAF1 /* ModelHeaders.h */ = {isa = PBXFileReference; lastKnownFileType = sourcecode.c.h; path = ModelHeaders.h; sourceTree = "<group>"; };
		82D832BC18B8496C0053CAF1 /* PedidoViewController.h */ = {isa = PBXFileReference; fileEncoding = 4; lastKnownFileType = sourcecode.c.h; path = PedidoViewController.h; sourceTree = "<group>"; };
		82D832BD18B8496C0053CAF1 /* PedidoViewController.m */ = {isa = PBXFileReference; fileEncoding = 4; lastKnownFileType = sourcecode.c.objc; path = PedidoViewController.m; sourceTree = "<group>"; };
		82D832BF18B8512A0053CAF1 /* PedidoCell.h */ = {isa = PBXFileReference; fileEncoding = 4; lastKnownFileType = sourcecode.c.h; path = PedidoCell.h; sourceTree = "<group>"; };
		82D832C018B8512A0053CAF1 /* PedidoCell.m */ = {isa = PBXFileReference; fileEncoding = 4; lastKnownFileType = sourcecode.c.objc; path = PedidoCell.m; sourceTree = "<group>"; };
/* End PBXFileReference section */

/* Begin PBXFrameworksBuildPhase section */
		824D061218B7ED0800E6179C /* Frameworks */ = {
			isa = PBXFrameworksBuildPhase;
			buildActionMask = 2147483647;
			files = (
				824D065918B7F7F000E6179C /* CoreData.framework in Frameworks */,
				824D061B18B7ED0800E6179C /* CoreGraphics.framework in Frameworks */,
				824D061D18B7ED0800E6179C /* UIKit.framework in Frameworks */,
				824D061918B7ED0800E6179C /* Foundation.framework in Frameworks */,
			);
			runOnlyForDeploymentPostprocessing = 0;
		};
		824D063318B7ED0800E6179C /* Frameworks */ = {
			isa = PBXFrameworksBuildPhase;
			buildActionMask = 2147483647;
			files = (
				824D063818B7ED0800E6179C /* XCTest.framework in Frameworks */,
				824D063A18B7ED0800E6179C /* UIKit.framework in Frameworks */,
				824D063918B7ED0800E6179C /* Foundation.framework in Frameworks */,
			);
			runOnlyForDeploymentPostprocessing = 0;
		};
/* End PBXFrameworksBuildPhase section */

/* Begin PBXGroup section */
		824D060C18B7ED0800E6179C = {
			isa = PBXGroup;
			children = (
				824D061E18B7ED0800E6179C /* iOrder */,
				824D063D18B7ED0900E6179C /* iOrderTests */,
				824D061718B7ED0800E6179C /* Frameworks */,
				824D061618B7ED0800E6179C /* Products */,
			);
			sourceTree = "<group>";
		};
		824D061618B7ED0800E6179C /* Products */ = {
			isa = PBXGroup;
			children = (
				824D061518B7ED0800E6179C /* iOrder.app */,
				824D063618B7ED0800E6179C /* iOrderTests.xctest */,
			);
			name = Products;
			sourceTree = "<group>";
		};
		824D061718B7ED0800E6179C /* Frameworks */ = {
			isa = PBXGroup;
			children = (
				824D065818B7F7F000E6179C /* CoreData.framework */,
				824D061818B7ED0800E6179C /* Foundation.framework */,
				824D061A18B7ED0800E6179C /* CoreGraphics.framework */,
				824D061C18B7ED0800E6179C /* UIKit.framework */,
				824D063718B7ED0800E6179C /* XCTest.framework */,
			);
			name = Frameworks;
			sourceTree = "<group>";
		};
		824D061E18B7ED0800E6179C /* iOrder */ = {
			isa = PBXGroup;
			children = (
				824D062718B7ED0800E6179C /* AppDelegate.h */,
				824D062818B7ED0800E6179C /* AppDelegate.m */,
				824D062A18B7ED0800E6179C /* Main.storyboard */,
				824D062D18B7ED0800E6179C /* MenuViewController.h */,
				824D062E18B7ED0800E6179C /* MenuViewController.m */,
				82D832BC18B8496C0053CAF1 /* PedidoViewController.h */,
				82D832BD18B8496C0053CAF1 /* PedidoViewController.m */,
				824D065018B7F10300E6179C /* Custom Cells */,
				824D065418B7F6A200E6179C /* Model */,
				82D832C318B852C80053CAF1 /* Protocols */,
				824D063018B7ED0800E6179C /* Images.xcassets */,
				824D061F18B7ED0800E6179C /* Supporting Files */,
			);
			path = iOrder;
			sourceTree = "<group>";
		};
		824D061F18B7ED0800E6179C /* Supporting Files */ = {
			isa = PBXGroup;
			children = (
				82C7408118BBFB9A00D9F45A /* Resource */,
				824D062018B7ED0800E6179C /* iOrder-Info.plist */,
				824D062118B7ED0800E6179C /* InfoPlist.strings */,
				824D062418B7ED0800E6179C /* main.m */,
				824D062618B7ED0800E6179C /* iOrder-Prefix.pch */,
			);
			name = "Supporting Files";
			sourceTree = "<group>";
		};
		824D063D18B7ED0900E6179C /* iOrderTests */ = {
			isa = PBXGroup;
			children = (
				824D064318B7ED0900E6179C /* iOrderTests.m */,
				824D063E18B7ED0900E6179C /* Supporting Files */,
			);
			path = iOrderTests;
			sourceTree = "<group>";
		};
		824D063E18B7ED0900E6179C /* Supporting Files */ = {
			isa = PBXGroup;
			children = (
				824D063F18B7ED0900E6179C /* iOrderTests-Info.plist */,
				824D064018B7ED0900E6179C /* InfoPlist.strings */,
			);
			name = "Supporting Files";
			sourceTree = "<group>";
		};
		824D065018B7F10300E6179C /* Custom Cells */ = {
			isa = PBXGroup;
			children = (
				824D064D18B7F0FA00E6179C /* MenuCell.h */,
				824D064E18B7F0FA00E6179C /* MenuCell.m */,
				82D832BF18B8512A0053CAF1 /* PedidoCell.h */,
				82D832C018B8512A0053CAF1 /* PedidoCell.m */,
				8212362E18D2A3600038543C /* MenuHeader.h */,
				8212362F18D2A3600038543C /* MenuHeader.m */,
				8212362C18D2A3400038543C /* MenuHeader.xib */,
			);
			name = "Custom Cells";
			sourceTree = "<group>";
		};
		824D065418B7F6A200E6179C /* Model */ = {
			isa = PBXGroup;
			children = (
				82D832B518B823630053CAF1 /* ModelHeaders.h */,
				82D832B218B819F20053CAF1 /* Categoria.h */,
				82D832B318B819F20053CAF1 /* Categoria.m */,
				828CE50318B9A76F0038FF03 /* Producto.h */,
				828CE50418B9A76F0038FF03 /* Producto.m */,
				824D065118B7F4F000E6179C /* Model.xcdatamodeld */,
				828CE50F18B9A8F80038FF03 /* Factura.h */,
				828CE51018B9A8F80038FF03 /* Factura.m */,
				828CE50918B9A7AF0038FF03 /* FacturaHasProducto.h */,
				828CE50A18B9A7AF0038FF03 /* FacturaHasProducto.m */,
				824D065A18B7FAC900E6179C /* APTModelFactory.h */,
				824D065B18B7FAC900E6179C /* APTModelFactory.m */,
			);
			name = Model;
			sourceTree = "<group>";
		};
		82C7408118BBFB9A00D9F45A /* Resource */ = {
			isa = PBXGroup;
			children = (
				82941E6518CD04AF0046B973 /* Placeholder.png */,
				82941E6618CD04AF0046B973 /* Placeholder@2x.png */,
				82C7408218BBFB9A00D9F45A /* hamburguesa1.png */,
				82C7408318BBFB9A00D9F45A /* hamburguesa2.png */,
				82C7408418BBFB9A00D9F45A /* hamburguesa3.png */,
				82C7408518BBFB9A00D9F45A /* hamburguesa4.png */,
				82C7408618BBFB9A00D9F45A /* hamburguesa5.png */,
				82C7408718BBFB9A00D9F45A /* hamburguesa6.png */,
			);
			path = Resource;
			sourceTree = "<group>";
		};
		82D832C318B852C80053CAF1 /* Protocols */ = {
			isa = PBXGroup;
			children = (
			);
			name = Protocols;
			sourceTree = "<group>";
		};
/* End PBXGroup section */

/* Begin PBXNativeTarget section */
		824D061418B7ED0800E6179C /* iOrder */ = {
			isa = PBXNativeTarget;
			buildConfigurationList = 824D064718B7ED0900E6179C /* Build configuration list for PBXNativeTarget "iOrder" */;
			buildPhases = (
				824D061118B7ED0800E6179C /* Sources */,
				824D061218B7ED0800E6179C /* Frameworks */,
				824D061318B7ED0800E6179C /* Resources */,
			);
			buildRules = (
			);
			dependencies = (
			);
			name = iOrder;
			productName = iOrder;
			productReference = 824D061518B7ED0800E6179C /* iOrder.app */;
			productType = "com.apple.product-type.application";
		};
		824D063518B7ED0800E6179C /* iOrderTests */ = {
			isa = PBXNativeTarget;
			buildConfigurationList = 824D064A18B7ED0900E6179C /* Build configuration list for PBXNativeTarget "iOrderTests" */;
			buildPhases = (
				824D063218B7ED0800E6179C /* Sources */,
				824D063318B7ED0800E6179C /* Frameworks */,
				824D063418B7ED0800E6179C /* Resources */,
			);
			buildRules = (
			);
			dependencies = (
				824D063C18B7ED0900E6179C /* PBXTargetDependency */,
			);
			name = iOrderTests;
			productName = iOrderTests;
			productReference = 824D063618B7ED0800E6179C /* iOrderTests.xctest */;
			productType = "com.apple.product-type.bundle.unit-test";
		};
/* End PBXNativeTarget section */

/* Begin PBXProject section */
		824D060D18B7ED0800E6179C /* Project object */ = {
			isa = PBXProject;
			attributes = {
				LastUpgradeCheck = 0500;
				ORGANIZATIONNAME = "Andrés Pesate";
				TargetAttributes = {
					824D063518B7ED0800E6179C = {
						TestTargetID = 824D061418B7ED0800E6179C;
					};
				};
			};
			buildConfigurationList = 824D061018B7ED0800E6179C /* Build configuration list for PBXProject "iOrder" */;
			compatibilityVersion = "Xcode 3.2";
			developmentRegion = English;
			hasScannedForEncodings = 0;
			knownRegions = (
				en,
				Base,
			);
			mainGroup = 824D060C18B7ED0800E6179C;
			productRefGroup = 824D061618B7ED0800E6179C /* Products */;
			projectDirPath = "";
			projectRoot = "";
			targets = (
				824D061418B7ED0800E6179C /* iOrder */,
				824D063518B7ED0800E6179C /* iOrderTests */,
			);
		};
/* End PBXProject section */

/* Begin PBXResourcesBuildPhase section */
		824D061318B7ED0800E6179C /* Resources */ = {
			isa = PBXResourcesBuildPhase;
			buildActionMask = 2147483647;
			files = (
				82941E6818CD04AF0046B973 /* Placeholder@2x.png in Resources */,
				82C7408918BBFB9A00D9F45A /* hamburguesa2.png in Resources */,
				82C7408818BBFB9A00D9F45A /* hamburguesa1.png in Resources */,
				824D063118B7ED0800E6179C /* Images.xcassets in Resources */,
				82C7408B18BBFB9A00D9F45A /* hamburguesa4.png in Resources */,
				82C7408D18BBFB9A00D9F45A /* hamburguesa6.png in Resources */,
				82941E6718CD04AF0046B973 /* Placeholder.png in Resources */,
				82C7408C18BBFB9A00D9F45A /* hamburguesa5.png in Resources */,
				824D062318B7ED0800E6179C /* InfoPlist.strings in Resources */,
				8212362D18D2A3400038543C /* MenuHeader.xib in Resources */,
				82C7408A18BBFB9A00D9F45A /* hamburguesa3.png in Resources */,
				824D062C18B7ED0800E6179C /* Main.storyboard in Resources */,
			);
			runOnlyForDeploymentPostprocessing = 0;
		};
		824D063418B7ED0800E6179C /* Resources */ = {
			isa = PBXResourcesBuildPhase;
			buildActionMask = 2147483647;
			files = (
				824D064218B7ED0900E6179C /* InfoPlist.strings in Resources */,
			);
			runOnlyForDeploymentPostprocessing = 0;
		};
/* End PBXResourcesBuildPhase section */

/* Begin PBXSourcesBuildPhase section */
		824D061118B7ED0800E6179C /* Sources */ = {
			isa = PBXSourcesBuildPhase;
			buildActionMask = 2147483647;
			files = (
				824D062F18B7ED0800E6179C /* MenuViewController.m in Sources */,
				828CE50518B9A76F0038FF03 /* Producto.m in Sources */,
				824D065C18B7FAC900E6179C /* APTModelFactory.m in Sources */,
				824D062918B7ED0800E6179C /* AppDelegate.m in Sources */,
				824D065318B7F4F000E6179C /* Model.xcdatamodeld in Sources */,
				828CE50B18B9A7AF0038FF03 /* FacturaHasProducto.m in Sources */,
				82D832C118B8512A0053CAF1 /* PedidoCell.m in Sources */,
				82D832BE18B8496C0053CAF1 /* PedidoViewController.m in Sources */,
				82D832B418B819F20053CAF1 /* Categoria.m in Sources */,
				824D064F18B7F0FA00E6179C /* MenuCell.m in Sources */,
				828CE51118B9A8F80038FF03 /* Factura.m in Sources */,
				8212363018D2A3600038543C /* MenuHeader.m in Sources */,
				824D062518B7ED0800E6179C /* main.m in Sources */,
			);
			runOnlyForDeploymentPostprocessing = 0;
		};
		824D063218B7ED0800E6179C /* Sources */ = {
			isa = PBXSourcesBuildPhase;
			buildActionMask = 2147483647;
			files = (
				824D064418B7ED0900E6179C /* iOrderTests.m in Sources */,
			);
			runOnlyForDeploymentPostprocessing = 0;
		};
/* End PBXSourcesBuildPhase section */

/* Begin PBXTargetDependency section */
		824D063C18B7ED0900E6179C /* PBXTargetDependency */ = {
			isa = PBXTargetDependency;
			target = 824D061418B7ED0800E6179C /* iOrder */;
			targetProxy = 824D063B18B7ED0900E6179C /* PBXContainerItemProxy */;
		};
/* End PBXTargetDependency section */

/* Begin PBXVariantGroup section */
		824D062118B7ED0800E6179C /* InfoPlist.strings */ = {
			isa = PBXVariantGroup;
			children = (
				824D062218B7ED0800E6179C /* en */,
			);
			name = InfoPlist.strings;
			sourceTree = "<group>";
		};
		824D062A18B7ED0800E6179C /* Main.storyboard */ = {
			isa = PBXVariantGroup;
			children = (
				824D062B18B7ED0800E6179C /* Base */,
			);
			name = Main.storyboard;
			sourceTree = "<group>";
		};
		824D064018B7ED0900E6179C /* InfoPlist.strings */ = {
			isa = PBXVariantGroup;
			children = (
				824D064118B7ED0900E6179C /* en */,
			);
			name = InfoPlist.strings;
			sourceTree = "<group>";
		};
/* End PBXVariantGroup section */

/* Begin XCBuildConfiguration section */
		824D064518B7ED0900E6179C /* Debug */ = {
			isa = XCBuildConfiguration;
			buildSettings = {
				ALWAYS_SEARCH_USER_PATHS = NO;
				ARCHS = "$(ARCHS_STANDARD_INCLUDING_64_BIT)";
				CLANG_CXX_LANGUAGE_STANDARD = "gnu++0x";
				CLANG_CXX_LIBRARY = "libc++";
				CLANG_ENABLE_MODULES = YES;
				CLANG_ENABLE_OBJC_ARC = YES;
				CLANG_WARN_BOOL_CONVERSION = YES;
				CLANG_WARN_CONSTANT_CONVERSION = YES;
				CLANG_WARN_DIRECT_OBJC_ISA_USAGE = YES_ERROR;
				CLANG_WARN_EMPTY_BODY = YES;
				CLANG_WARN_ENUM_CONVERSION = YES;
				CLANG_WARN_INT_CONVERSION = YES;
				CLANG_WARN_OBJC_ROOT_CLASS = YES_ERROR;
				CLANG_WARN__DUPLICATE_METHOD_MATCH = YES;
				"CODE_SIGN_IDENTITY[sdk=iphoneos*]" = "iPhone Developer";
				COPY_PHASE_STRIP = NO;
				GCC_C_LANGUAGE_STANDARD = gnu99;
				GCC_DYNAMIC_NO_PIC = NO;
				GCC_OPTIMIZATION_LEVEL = 0;
				GCC_PREPROCESSOR_DEFINITIONS = (
					"DEBUG=1",
					"$(inherited)",
				);
				GCC_SYMBOLS_PRIVATE_EXTERN = NO;
				GCC_WARN_64_TO_32_BIT_CONVERSION = YES;
				GCC_WARN_ABOUT_RETURN_TYPE = YES_ERROR;
				GCC_WARN_UNDECLARED_SELECTOR = YES;
				GCC_WARN_UNINITIALIZED_AUTOS = YES;
				GCC_WARN_UNUSED_FUNCTION = YES;
				GCC_WARN_UNUSED_VARIABLE = YES;
				IPHONEOS_DEPLOYMENT_TARGET = 7.0;
				ONLY_ACTIVE_ARCH = YES;
				SDKROOT = iphoneos;
			};
			name = Debug;
		};
		824D064618B7ED0900E6179C /* Release */ = {
			isa = XCBuildConfiguration;
			buildSettings = {
				ALWAYS_SEARCH_USER_PATHS = NO;
				ARCHS = "$(ARCHS_STANDARD_INCLUDING_64_BIT)";
				CLANG_CXX_LANGUAGE_STANDARD = "gnu++0x";
				CLANG_CXX_LIBRARY = "libc++";
				CLANG_ENABLE_MODULES = YES;
				CLANG_ENABLE_OBJC_ARC = YES;
				CLANG_WARN_BOOL_CONVERSION = YES;
				CLANG_WARN_CONSTANT_CONVERSION = YES;
				CLANG_WARN_DIRECT_OBJC_ISA_USAGE = YES_ERROR;
				CLANG_WARN_EMPTY_BODY = YES;
				CLANG_WARN_ENUM_CONVERSION = YES;
				CLANG_WARN_INT_CONVERSION = YES;
				CLANG_WARN_OBJC_ROOT_CLASS = YES_ERROR;
				CLANG_WARN__DUPLICATE_METHOD_MATCH = YES;
				"CODE_SIGN_IDENTITY[sdk=iphoneos*]" = "iPhone Developer";
				COPY_PHASE_STRIP = YES;
				ENABLE_NS_ASSERTIONS = NO;
				GCC_C_LANGUAGE_STANDARD = gnu99;
				GCC_WARN_64_TO_32_BIT_CONVERSION = YES;
				GCC_WARN_ABOUT_RETURN_TYPE = YES_ERROR;
				GCC_WARN_UNDECLARED_SELECTOR = YES;
				GCC_WARN_UNINITIALIZED_AUTOS = YES;
				GCC_WARN_UNUSED_FUNCTION = YES;
				GCC_WARN_UNUSED_VARIABLE = YES;
				IPHONEOS_DEPLOYMENT_TARGET = 7.0;
				SDKROOT = iphoneos;
				VALIDATE_PRODUCT = YES;
			};
			name = Release;
		};
		824D064818B7ED0900E6179C /* Debug */ = {
			isa = XCBuildConfiguration;
			buildSettings = {
				ASSETCATALOG_COMPILER_APPICON_NAME = AppIcon;
				ASSETCATALOG_COMPILER_LAUNCHIMAGE_NAME = LaunchImage;
				GCC_PRECOMPILE_PREFIX_HEADER = YES;
				GCC_PREFIX_HEADER = "iOrder/iOrder-Prefix.pch";
				INFOPLIST_FILE = "iOrder/iOrder-Info.plist";
				PRODUCT_NAME = "$(TARGET_NAME)";
				WRAPPER_EXTENSION = app;
			};
			name = Debug;
		};
		824D064918B7ED0900E6179C /* Release */ = {
			isa = XCBuildConfiguration;
			buildSettings = {
				ASSETCATALOG_COMPILER_APPICON_NAME = AppIcon;
				ASSETCATALOG_COMPILER_LAUNCHIMAGE_NAME = LaunchImage;
				GCC_PRECOMPILE_PREFIX_HEADER = YES;
				GCC_PREFIX_HEADER = "iOrder/iOrder-Prefix.pch";
				INFOPLIST_FILE = "iOrder/iOrder-Info.plist";
				PRODUCT_NAME = "$(TARGET_NAME)";
				WRAPPER_EXTENSION = app;
			};
			name = Release;
		};
		824D064B18B7ED0900E6179C /* Debug */ = {
			isa = XCBuildConfiguration;
			buildSettings = {
				ARCHS = "$(ARCHS_STANDARD_INCLUDING_64_BIT)";
				BUNDLE_LOADER = "$(BUILT_PRODUCTS_DIR)/iOrder.app/iOrder";
				FRAMEWORK_SEARCH_PATHS = (
					"$(SDKROOT)/Developer/Library/Frameworks",
					"$(inherited)",
					"$(DEVELOPER_FRAMEWORKS_DIR)",
				);
				GCC_PRECOMPILE_PREFIX_HEADER = YES;
				GCC_PREFIX_HEADER = "iOrder/iOrder-Prefix.pch";
				GCC_PREPROCESSOR_DEFINITIONS = (
					"DEBUG=1",
					"$(inherited)",
				);
				INFOPLIST_FILE = "iOrderTests/iOrderTests-Info.plist";
				PRODUCT_NAME = "$(TARGET_NAME)";
				TEST_HOST = "$(BUNDLE_LOADER)";
				WRAPPER_EXTENSION = xctest;
			};
			name = Debug;
		};
		824D064C18B7ED0900E6179C /* Release */ = {
			isa = XCBuildConfiguration;
			buildSettings = {
				ARCHS = "$(ARCHS_STANDARD_INCLUDING_64_BIT)";
				BUNDLE_LOADER = "$(BUILT_PRODUCTS_DIR)/iOrder.app/iOrder";
				FRAMEWORK_SEARCH_PATHS = (
					"$(SDKROOT)/Developer/Library/Frameworks",
					"$(inherited)",
					"$(DEVELOPER_FRAMEWORKS_DIR)",
				);
				GCC_PRECOMPILE_PREFIX_HEADER = YES;
				GCC_PREFIX_HEADER = "iOrder/iOrder-Prefix.pch";
				INFOPLIST_FILE = "iOrderTests/iOrderTests-Info.plist";
				PRODUCT_NAME = "$(TARGET_NAME)";
				TEST_HOST = "$(BUNDLE_LOADER)";
				WRAPPER_EXTENSION = xctest;
			};
			name = Release;
		};
/* End XCBuildConfiguration section */

/* Begin XCConfigurationList section */
		824D061018B7ED0800E6179C /* Build configuration list for PBXProject "iOrder" */ = {
			isa = XCConfigurationList;
			buildConfigurations = (
				824D064518B7ED0900E6179C /* Debug */,
				824D064618B7ED0900E6179C /* Release */,
			);
			defaultConfigurationIsVisible = 0;
			defaultConfigurationName = Release;
		};
		824D064718B7ED0900E6179C /* Build configuration list for PBXNativeTarget "iOrder" */ = {
			isa = XCConfigurationList;
			buildConfigurations = (
				824D064818B7ED0900E6179C /* Debug */,
				824D064918B7ED0900E6179C /* Release */,
			);
			defaultConfigurationIsVisible = 0;
			defaultConfigurationName = Release;
		};
		824D064A18B7ED0900E6179C /* Build configuration list for PBXNativeTarget "iOrderTests" */ = {
			isa = XCConfigurationList;
			buildConfigurations = (
				824D064B18B7ED0900E6179C /* Debug */,
				824D064C18B7ED0900E6179C /* Release */,
			);
			defaultConfigurationIsVisible = 0;
			defaultConfigurationName = Release;
		};
/* End XCConfigurationList section */

/* Begin XCVersionGroup section */
		824D065118B7F4F000E6179C /* Model.xcdatamodeld */ = {
			isa = XCVersionGroup;
			children = (
				824D065218B7F4F000E6179C /* Model.xcdatamodel */,
			);
			currentVersion = 824D065218B7F4F000E6179C /* Model.xcdatamodel */;
			path = Model.xcdatamodeld;
			sourceTree = "<group>";
			versionGroupType = wrapper.xcdatamodel;
		};
/* End XCVersionGroup section */
	};
	rootObject = 824D060D18B7ED0800E6179C /* Project object */;
}
